
Microsoft Visual Studio Solution File, Format Version 12.00
# Visual Studio Version 16
VisualStudioVersion = 16.0.30225.117
MinimumVisualStudioVersion = 10.0.40219.1
Project("{9A19103F-16F7-4668-BE54-9A1E7A4F7556}") = "AuthFunction", "AuthFunction\src\AuthFunction\AuthFunction.csproj", "{A62885DC-24A9-47D5-8A1A-51FB3A9E62AF}"
EndProject
Project("{9A19103F-16F7-4668-BE54-9A1E7A4F7556}") = "AuthRepository", "AuthRepository\AuthRepository.csproj", "{367B8DD8-9BA4-4816-B756-46D4A9CB0A37}"
EndProject
Project("{9A19103F-16F7-4668-BE54-9A1E7A4F7556}") = "AuthDtos", "AuthDtos\AuthDtos.csproj", "{D7F2E919-2651-4C1D-9FCA-EE1F4B9DAE17}"
EndProject
Project("{9A19103F-16F7-4668-BE54-9A1E7A4F7556}") = "AuthService", "AuthService\AuthService.csproj", "{5522A876-3683-446E-93AA-39F33140530E}"
EndProject
Project("{9A19103F-16F7-4668-BE54-9A1E7A4F7556}") = "AuthMigrations", "AuthMigrations\AuthMigrations.csproj", "{0017113F-1D98-4200-8823-C258E2CCBFAF}"
EndProject
Project("{2150E333-8FDC-42A3-9474-1A3956D46DE8}") = "Common", "Common", "{F783F385-E87D-429A-9A36-2632056A1909}"
EndProject
Project("{9A19103F-16F7-4668-BE54-9A1E7A4F7556}") = "JwtAuth", "..\Common\JwtAuth\JwtAuth.csproj", "{5D8FA206-B72F-4C43-B500-0553EAF82A23}"
EndProject
Project("{FAE04EC0-301F-11D3-BF4B-00C04F79EFBC}") = "Ws.EfCore.Extensions", "..\Common\Ws.EfCore.Extensions\Ws.EfCore.Extensions.csproj", "{818C7920-AB48-4526-B14E-7145D7731CCC}"
EndProject
Project("{FAE04EC0-301F-11D3-BF4B-00C04F79EFBC}") = "Ws.JwtAuth.Extensions", "..\Common\Ws.JwtAuth.Extensions\Ws.JwtAuth.Extensions.csproj", "{046B8607-0B62-40F9-93B7-B5ACE057FE2E}"
EndProject
Global
	GlobalSection(SolutionConfigurationPlatforms) = preSolution
		Debug|Any CPU = Debug|Any CPU
		Release|Any CPU = Release|Any CPU
	EndGlobalSection
	GlobalSection(ProjectConfigurationPlatforms) = postSolution
		{A62885DC-24A9-47D5-8A1A-51FB3A9E62AF}.Debug|Any CPU.ActiveCfg = Debug|Any CPU
		{A62885DC-24A9-47D5-8A1A-51FB3A9E62AF}.Debug|Any CPU.Build.0 = Debug|Any CPU
		{A62885DC-24A9-47D5-8A1A-51FB3A9E62AF}.Release|Any CPU.ActiveCfg = Release|Any CPU
		{A62885DC-24A9-47D5-8A1A-51FB3A9E62AF}.Release|Any CPU.Build.0 = Release|Any CPU
		{367B8DD8-9BA4-4816-B756-46D4A9CB0A37}.Debug|Any CPU.ActiveCfg = Debug|Any CPU
		{367B8DD8-9BA4-4816-B756-46D4A9CB0A37}.Debug|Any CPU.Build.0 = Debug|Any CPU
		{367B8DD8-9BA4-4816-B756-46D4A9CB0A37}.Release|Any CPU.ActiveCfg = Release|Any CPU
		{367B8DD8-9BA4-4816-B756-46D4A9CB0A37}.Release|Any CPU.Build.0 = Release|Any CPU
		{D7F2E919-2651-4C1D-9FCA-EE1F4B9DAE17}.Debug|Any CPU.ActiveCfg = Debug|Any CPU
		{D7F2E919-2651-4C1D-9FCA-EE1F4B9DAE17}.Debug|Any CPU.Build.0 = Debug|Any CPU
		{D7F2E919-2651-4C1D-9FCA-EE1F4B9DAE17}.Release|Any CPU.ActiveCfg = Release|Any CPU
		{D7F2E919-2651-4C1D-9FCA-EE1F4B9DAE17}.Release|Any CPU.Build.0 = Release|Any CPU
		{5522A876-3683-446E-93AA-39F33140530E}.Debug|Any CPU.ActiveCfg = Debug|Any CPU
		{5522A876-3683-446E-93AA-39F33140530E}.Debug|Any CPU.Build.0 = Debug|Any CPU
		{5522A876-3683-446E-93AA-39F33140530E}.Release|Any CPU.ActiveCfg = Release|Any CPU
		{5522A876-3683-446E-93AA-39F33140530E}.Release|Any CPU.Build.0 = Release|Any CPU
		{0017113F-1D98-4200-8823-C258E2CCBFAF}.Debug|Any CPU.ActiveCfg = Debug|Any CPU
		{0017113F-1D98-4200-8823-C258E2CCBFAF}.Debug|Any CPU.Build.0 = Debug|Any CPU
		{0017113F-1D98-4200-8823-C258E2CCBFAF}.Release|Any CPU.ActiveCfg = Release|Any CPU
		{0017113F-1D98-4200-8823-C258E2CCBFAF}.Release|Any CPU.Build.0 = Release|Any CPU
		{5D8FA206-B72F-4C43-B500-0553EAF82A23}.Debug|Any CPU.ActiveCfg = Debug|Any CPU
		{5D8FA206-B72F-4C43-B500-0553EAF82A23}.Debug|Any CPU.Build.0 = Debug|Any CPU
		{5D8FA206-B72F-4C43-B500-0553EAF82A23}.Release|Any CPU.ActiveCfg = Release|Any CPU
		{5D8FA206-B72F-4C43-B500-0553EAF82A23}.Release|Any CPU.Build.0 = Release|Any CPU
		{818C7920-AB48-4526-B14E-7145D7731CCC}.Debug|Any CPU.ActiveCfg = Debug|Any CPU
		{818C7920-AB48-4526-B14E-7145D7731CCC}.Debug|Any CPU.Build.0 = Debug|Any CPU
		{818C7920-AB48-4526-B14E-7145D7731CCC}.Release|Any CPU.ActiveCfg = Release|Any CPU
		{818C7920-AB48-4526-B14E-7145D7731CCC}.Release|Any CPU.Build.0 = Release|Any CPU
		{046B8607-0B62-40F9-93B7-B5ACE057FE2E}.Debug|Any CPU.ActiveCfg = Debug|Any CPU
		{046B8607-0B62-40F9-93B7-B5ACE057FE2E}.Debug|Any CPU.Build.0 = Debug|Any CPU
		{046B8607-0B62-40F9-93B7-B5ACE057FE2E}.Release|Any CPU.ActiveCfg = Release|Any CPU
		{046B8607-0B62-40F9-93B7-B5ACE057FE2E}.Release|Any CPU.Build.0 = Release|Any CPU
	EndGlobalSection
	GlobalSection(SolutionProperties) = preSolution
		HideSolutionNode = FALSE
	EndGlobalSection
	GlobalSection(NestedProjects) = preSolution
		{5D8FA206-B72F-4C43-B500-0553EAF82A23} = {F783F385-E87D-429A-9A36-2632056A1909}
		{818C7920-AB48-4526-B14E-7145D7731CCC} = {F783F385-E87D-429A-9A36-2632056A1909}
		{046B8607-0B62-40F9-93B7-B5ACE057FE2E} = {F783F385-E87D-429A-9A36-2632056A1909}
	EndGlobalSection
	GlobalSection(ExtensibilityGlobals) = postSolution
		SolutionGuid = {E7AAF9F7-70E5-49A4-9096-EA6FA2FDCA35}
	EndGlobalSection
EndGlobal
